
Microsoft Visual Studio Solution File, Format Version 12.00
# Visual Studio Version 16
VisualStudioVersion = 16.0.810.25
MinimumVisualStudioVersion = 10.0.40219.1
Project("{FAE04EC0-301F-11D3-BF4B-00C04F79EFBC}") = "Tests", "Tests.csproj", "{AC0A4AC8-7A8F-6194-05B4-37CAB70D091A}"
EndProject
Global
	GlobalSection(SolutionConfigurationPlatforms) = preSolution
		Debug|Any CPU = Debug|Any CPU
		Release|Any CPU = Release|Any CPU
	EndGlobalSection
	GlobalSection(ProjectConfigurationPlatforms) = postSolution
		{AC0A4AC8-7A8F-6194-05B4-37CAB70D091A}.Debug|Any CPU.ActiveCfg = Debug|Any CPU
		{AC0A4AC8-7A8F-6194-05B4-37CAB70D091A}.Debug|Any CPU.Build.0 = Debug|Any CPU
		{AC0A4AC8-7A8F-6194-05B4-37CAB70D091A}.Release|Any CPU.ActiveCfg = Release|Any CPU
		{AC0A4AC8-7A8F-6194-05B4-37CAB70D091A}.Release|Any CPU.Build.0 = Release|Any CPU
	EndGlobalSection
	GlobalSection(SolutionProperties) = preSolution
		HideSolutionNode = FALSE
	EndGlobalSection
	GlobalSection(ExtensibilityGlobals) = postSolution
		SolutionGuid = {E506EDEF-E2C5-4A9F-ABC1-ED78192B112A}
	EndGlobalSection
EndGlobal
